
Microsoft Visual Studio Solution File, Format Version 12.00
# Visual Studio 14
VisualStudioVersion = 14.0.23107.0
MinimumVisualStudioVersion = 10.0.40219.1
Project("{FAE04EC0-301F-11D3-BF4B-00C04F79EFBC}") = "Test", "Test\Test.csproj", "{9ADA4C51-8605-4829-AD98-5D0D0F9D3727}"
EndProject
Project("{FAE04EC0-301F-11D3-BF4B-00C04F79EFBC}") = "Client-ArtsApp", "Client-ArtsApp\Client-ArtsApp.csproj", "{1E95FBAD-4C18-46B1-A5A8-21750DE78FAD}"
EndProject
Project("{FAE04EC0-301F-11D3-BF4B-00C04F79EFBC}") = "WindowsFormsApplication2", "WindowsFormsApplication2\WindowsFormsApplication2.csproj", "{F05BD4AD-CCC6-4836-AD52-A6188FF07BDB}"
EndProject
Project("{FAE04EC0-301F-11D3-BF4B-00C04F79EFBC}") = "ServerApplicatie", "ServerApplicatie\ServerApplicatie.csproj", "{23AFE5CB-B9FE-44A5-8FD6-A19E69C39D87}"
EndProject
Project("{FAE04EC0-301F-11D3-BF4B-00C04F79EFBC}") = "ClientApp", "ClientApp\ClientApp.csproj", "{D4432C4D-2AF1-45E2-AB96-8B64221FB511}"
EndProject
Project("{FAE04EC0-301F-11D3-BF4B-00C04F79EFBC}") = "ArtsApp", "ArtsApp\ArtsApp.csproj", "{9826BB84-3C7B-43DA-89D8-9BC11254E794}"
EndProject
Global
	GlobalSection(SolutionConfigurationPlatforms) = preSolution
		Debug|Any CPU = Debug|Any CPU
		Release|Any CPU = Release|Any CPU
	EndGlobalSection
	GlobalSection(ProjectConfigurationPlatforms) = postSolution
		{9ADA4C51-8605-4829-AD98-5D0D0F9D3727}.Debug|Any CPU.ActiveCfg = Debug|Any CPU
		{9ADA4C51-8605-4829-AD98-5D0D0F9D3727}.Debug|Any CPU.Build.0 = Debug|Any CPU
		{9ADA4C51-8605-4829-AD98-5D0D0F9D3727}.Release|Any CPU.ActiveCfg = Release|Any CPU
		{9ADA4C51-8605-4829-AD98-5D0D0F9D3727}.Release|Any CPU.Build.0 = Release|Any CPU
		{1E95FBAD-4C18-46B1-A5A8-21750DE78FAD}.Debug|Any CPU.ActiveCfg = Debug|Any CPU
		{1E95FBAD-4C18-46B1-A5A8-21750DE78FAD}.Debug|Any CPU.Build.0 = Debug|Any CPU
		{1E95FBAD-4C18-46B1-A5A8-21750DE78FAD}.Release|Any CPU.ActiveCfg = Release|Any CPU
		{1E95FBAD-4C18-46B1-A5A8-21750DE78FAD}.Release|Any CPU.Build.0 = Release|Any CPU
		{F05BD4AD-CCC6-4836-AD52-A6188FF07BDB}.Debug|Any CPU.ActiveCfg = Debug|Any CPU
		{F05BD4AD-CCC6-4836-AD52-A6188FF07BDB}.Debug|Any CPU.Build.0 = Debug|Any CPU
		{F05BD4AD-CCC6-4836-AD52-A6188FF07BDB}.Release|Any CPU.ActiveCfg = Release|Any CPU
		{F05BD4AD-CCC6-4836-AD52-A6188FF07BDB}.Release|Any CPU.Build.0 = Release|Any CPU
		{23AFE5CB-B9FE-44A5-8FD6-A19E69C39D87}.Debug|Any CPU.ActiveCfg = Debug|Any CPU
		{23AFE5CB-B9FE-44A5-8FD6-A19E69C39D87}.Debug|Any CPU.Build.0 = Debug|Any CPU
		{23AFE5CB-B9FE-44A5-8FD6-A19E69C39D87}.Release|Any CPU.ActiveCfg = Release|Any CPU
		{23AFE5CB-B9FE-44A5-8FD6-A19E69C39D87}.Release|Any CPU.Build.0 = Release|Any CPU
		{D4432C4D-2AF1-45E2-AB96-8B64221FB511}.Debug|Any CPU.ActiveCfg = Debug|Any CPU
		{D4432C4D-2AF1-45E2-AB96-8B64221FB511}.Debug|Any CPU.Build.0 = Debug|Any CPU
		{D4432C4D-2AF1-45E2-AB96-8B64221FB511}.Release|Any CPU.ActiveCfg = Release|Any CPU
		{D4432C4D-2AF1-45E2-AB96-8B64221FB511}.Release|Any CPU.Build.0 = Release|Any CPU
		{9826BB84-3C7B-43DA-89D8-9BC11254E794}.Debug|Any CPU.ActiveCfg = Debug|Any CPU
		{9826BB84-3C7B-43DA-89D8-9BC11254E794}.Debug|Any CPU.Build.0 = Debug|Any CPU
		{9826BB84-3C7B-43DA-89D8-9BC11254E794}.Release|Any CPU.ActiveCfg = Release|Any CPU
		{9826BB84-3C7B-43DA-89D8-9BC11254E794}.Release|Any CPU.Build.0 = Release|Any CPU
	EndGlobalSection
	GlobalSection(SolutionProperties) = preSolution
		HideSolutionNode = FALSE
	EndGlobalSection
EndGlobal
